{
    "_meta": {
        "hash": {
            "sha256": "4b34b8cf6806434711d860c50648aaa111ffafa6a89b966c9d3c7148d56d26a5"
        },
        "pipfile-spec": 6,
        "requires": {
            "python_full_version": "3.13.7",
            "python_version": "3.13"
        },
        "sources": [
            {
                "name": "pypi",
                "url": "https://pypi.org/simple",
                "verify_ssl": true
            }
        ]
    },
    "default": {
        "iniconfig": {
            "hashes": [
                "sha256:c76315c77db068650d49c5b56314774a7804df16fee4402c1f19d6d15d8c4730",
                "sha256:f631c04d2c48c52b84d0d0549c99ff3859c98df65b3101406327ecc7d53fbf12"
            ],
            "markers": "python_version >= '3.10'",
            "version": "==2.3.0"
        },
        "mysql-connector-python": {
            "hashes": [
                "sha256:07bf52591b4215cb4318b4617c327a6d84c31978c11e3255f01a627bcda2618e",
                "sha256:1f5f7346b0d5edb2e994c1bd77b3f5eed88b0ca368ad6788d1012c7e56d7bf68",
                "sha256:20950a5e44896c03e3dc93ceb3a5e9b48c9acae18665ca6e13249b3fe5b96811",
                "sha256:2797dd7bbefb1d1669d984cfb284ea6b34401bbd9c1b3bf84e646d0bd3a82197",
                "sha256:48ffa71ba748afaae5c45ed9a085a72604368ce611fe81c3fdc146ef60181d51",
                "sha256:4d603b55de310b9689bb3cb5e57fe97e98756e36d62f8f308f132f2c724f62b8",
                "sha256:4f8d2d9d586c34dc9508a44d19cf30ccafabbbd12d7f8ab58da3af118636843c",
                "sha256:56104693478fd447886c470a6d0558ded0fe2577df44c18232a6af6a2bbdd3e9",
                "sha256:5add93f60b3922be71ea31b89bc8a452b876adbb49262561bd559860dae96b3f",
                "sha256:5ef7accbdf8b5f6ec60d2a1550654b7e27e63bf6f7b04020d5fb4191fb02bc4d",
                "sha256:653e70cd10cf2d18dd828fae58dff5f0f7a5cf7e48e244f2093314dddf84a4b9",
                "sha256:6effda35df1a96d9a096f04468d40f2324ea36b34d0e9632e81daae8be97b308",
                "sha256:77c71df48293d3c08713ff7087cf483804c8abf41a4bb4aefea7317b752c8e9a",
                "sha256:77d14c9fde90726de22443e8c5ba0912a4ebb632cc1ade52a349dacbac47b140",
                "sha256:7fdd3205b9242c284019310fa84437f3357b13f598e3f9b5d80d337d4a6406b8",
                "sha256:8972c1f960b30d487f34f9125ec112ea2b3200bd02c53e5e32ee7a43be6d64c1",
                "sha256:92fb924285a86d8c146ebd63d94f9eaefa548da7813bc46271508fdc6cc1d596",
                "sha256:a5fff063ed48281b7374a4da6b9ef4293d390c153f79b1589ee547ea08c92310",
                "sha256:a6e0a4a0274d15e3d4c892ab93f58f46431222117dba20608178dfb2cc4d5fd8",
                "sha256:a72c2ef9d50b84f3c567c31b3bf30901af740686baa2a4abead5f202e0b7ea61",
                "sha256:ace137b88eb6fdafa1e5b2e03ac76ce1b8b1844b3a4af1192a02ae7c1a45bdee",
                "sha256:b6c69cb37600b7e22f476150034e2afbd53342a175e20aea887f8158fc5e3ff6",
                "sha256:bd9ba5a946cfd3b3b2688a75135357e862834b0321ed936fd968049be290872b",
                "sha256:c021d8b0830958b28712c70c53b206b4cf4766948dae201ea7ca588a186605e0",
                "sha256:edd47048eb65c196b28aa9d2c0c6a017d8ca084a9a7041cd317301c829eb5a05",
                "sha256:f6d32d7aa514d2f6f8709ba1e018314f82ab2acea2e6af30d04c1906fe9171b9",
                "sha256:fd057bd042464eedbf5337d1ceea7f2a4ab075a1cf6d1d62ffd5184966a656dd"
            ],
            "index": "pypi",
            "markers": "python_version >= '3.10'",
            "version": "==9.5.0"
        },
        "packaging": {
            "hashes": [
                "sha256:29572ef2b1f17581046b3a2227d5c611fb25ec70ca1ba8554b24b0e69331a484",
                "sha256:d443872c98d677bf60f6a1f2f8c1cb748e8fe762d2bf9d3148b5599295b0fc4f"
            ],
            "markers": "python_version >= '3.8'",
            "version": "==25.0"
        },
        "pluggy": {
            "hashes": [
                "sha256:7dcc130b76258d33b90f61b658791dede3486c3e6bfb003ee5c9bfb396dd22f3",
                "sha256:e920276dd6813095e9377c0bc5566d94c932c33b27a3e3945d8389c374dd4746"
            ],
            "markers": "python_version >= '3.9'",
            "version": "==1.6.0"
        },
        "pydocstyle": {
            "hashes": [
                "sha256:118762d452a49d6b05e194ef344a55822987a462831ade91ec5c06fd2169d019",
                "sha256:7ce43f0c0ac87b07494eb9c0b462c0b73e6ff276807f204d6b53edc72b7e44e1"
            ],
            "index": "pypi",
            "markers": "python_version >= '3.6'",
            "version": "==6.3.0"
        },
        "pygments": {
            "hashes": [
                "sha256:636cb2477cec7f8952536970bc533bc43743542f70392ae026374600add5b887",
                "sha256:86540386c03d588bb81d44bc3928634ff26449851e99741617ecb9037ee5ec0b"
            ],
            "markers": "python_version >= '3.8'",
            "version": "==2.19.2"
        },
        "pytest": {
            "hashes": [
                "sha256:86c0d0b93306b961d58d62a4db4879f27fe25513d4b969df351abdddb3c30e01",
                "sha256:872f880de3fc3a5bdc88a11b39c9710c3497a547cfa9320bc3c5e62fbf272e79"
            ],
            "index": "pypi",
            "markers": "python_version >= '3.9'",
            "version": "==8.4.2"
        },
        "snowballstemmer": {
            "hashes": [
                "sha256:6cd7b3897da8d6c9ffb968a6781fa6532dce9c3618a4b127d920dab764a19064",
                "sha256:6d5eeeec8e9f84d4d56b847692bacf79bc2c8e90c7f80ca4444ff8b6f2e52895"
            ],
            "markers": "python_version not in '3.0, 3.1, 3.2'",
            "version": "==3.0.1"
        }
    },
    "develop": {}
}
